
Microsoft Visual Studio Solution File, Format Version 12.00
# Visual Studio Version 17
VisualStudioVersion = 17.8.34309.116
MinimumVisualStudioVersion = 10.0.40219.1
Project("{9A19103F-16F7-4668-BE54-9A1E7A4F7556}") = "DotNetCore", "src\DotNetCore\DotNetCore.csproj", "{0C152091-73C7-40CD-8308-CEABC21C52A2}"
EndProject
Project("{9A19103F-16F7-4668-BE54-9A1E7A4F7556}") = "DotNetCore.Data.Dapper", "src\DotNetCore.Data.Dapper\DotNetCore.Data.Dapper.csproj", "{20FE10FD-89AE-4832-832F-75D149DC83CA}"
EndProject
Project("{9A19103F-16F7-4668-BE54-9A1E7A4F7556}") = "DotNetCore.Data.EntityFrameworkCore", "src\DotNetCore.Data.EntityFrameworkCore\DotNetCore.Data.EntityFrameworkCore.csproj", "{BC5DCEB5-210C-4BEE-9672-504C9DDB2761}"
EndProject
Project("{9A19103F-16F7-4668-BE54-9A1E7A4F7556}") = "DotNetCore.Data", "src\DotNetCore.Data\DotNetCore.Data.csproj", "{3AE05D53-D124-46DB-9E3B-5F0E0F8F69D9}"
EndProject
Project("{2150E333-8FDC-42A3-9474-1A3956D46DE8}") = "test", "test", "{A3156E74-B3A2-40AC-A74B-44F196D0E4E3}"
EndProject
Project("{9A19103F-16F7-4668-BE54-9A1E7A4F7556}") = "EFDemo", "test\EFDemo\EFDemo.csproj", "{3E9EFF22-65CA-4016-A69F-1CBB2DF84B0F}"
EndProject
Project("{FAE04EC0-301F-11D3-BF4B-00C04F79EFBC}") = "DotNetCore.Test", "test\DotNetCore.Test\DotNetCore.Test.csproj", "{45DDD42D-5FB2-43B5-8B48-273D95FE5774}"
EndProject
Global
	GlobalSection(SolutionConfigurationPlatforms) = preSolution
		Debug|Any CPU = Debug|Any CPU
		Release|Any CPU = Release|Any CPU
	EndGlobalSection
	GlobalSection(ProjectConfigurationPlatforms) = postSolution
		{0C152091-73C7-40CD-8308-CEABC21C52A2}.Debug|Any CPU.ActiveCfg = Debug|Any CPU
		{0C152091-73C7-40CD-8308-CEABC21C52A2}.Debug|Any CPU.Build.0 = Debug|Any CPU
		{0C152091-73C7-40CD-8308-CEABC21C52A2}.Release|Any CPU.ActiveCfg = Release|Any CPU
		{0C152091-73C7-40CD-8308-CEABC21C52A2}.Release|Any CPU.Build.0 = Release|Any CPU
		{20FE10FD-89AE-4832-832F-75D149DC83CA}.Debug|Any CPU.ActiveCfg = Debug|Any CPU
		{20FE10FD-89AE-4832-832F-75D149DC83CA}.Debug|Any CPU.Build.0 = Debug|Any CPU
		{20FE10FD-89AE-4832-832F-75D149DC83CA}.Release|Any CPU.ActiveCfg = Release|Any CPU
		{20FE10FD-89AE-4832-832F-75D149DC83CA}.Release|Any CPU.Build.0 = Release|Any CPU
		{BC5DCEB5-210C-4BEE-9672-504C9DDB2761}.Debug|Any CPU.ActiveCfg = Debug|Any CPU
		{BC5DCEB5-210C-4BEE-9672-504C9DDB2761}.Debug|Any CPU.Build.0 = Debug|Any CPU
		{BC5DCEB5-210C-4BEE-9672-504C9DDB2761}.Release|Any CPU.ActiveCfg = Release|Any CPU
		{BC5DCEB5-210C-4BEE-9672-504C9DDB2761}.Release|Any CPU.Build.0 = Release|Any CPU
		{3AE05D53-D124-46DB-9E3B-5F0E0F8F69D9}.Debug|Any CPU.ActiveCfg = Debug|Any CPU
		{3AE05D53-D124-46DB-9E3B-5F0E0F8F69D9}.Debug|Any CPU.Build.0 = Debug|Any CPU
		{3AE05D53-D124-46DB-9E3B-5F0E0F8F69D9}.Release|Any CPU.ActiveCfg = Release|Any CPU
		{3AE05D53-D124-46DB-9E3B-5F0E0F8F69D9}.Release|Any CPU.Build.0 = Release|Any CPU
		{3E9EFF22-65CA-4016-A69F-1CBB2DF84B0F}.Debug|Any CPU.ActiveCfg = Debug|Any CPU
		{3E9EFF22-65CA-4016-A69F-1CBB2DF84B0F}.Debug|Any CPU.Build.0 = Debug|Any CPU
		{3E9EFF22-65CA-4016-A69F-1CBB2DF84B0F}.Release|Any CPU.ActiveCfg = Release|Any CPU
		{3E9EFF22-65CA-4016-A69F-1CBB2DF84B0F}.Release|Any CPU.Build.0 = Release|Any CPU
		{45DDD42D-5FB2-43B5-8B48-273D95FE5774}.Debug|Any CPU.ActiveCfg = Debug|Any CPU
		{45DDD42D-5FB2-43B5-8B48-273D95FE5774}.Debug|Any CPU.Build.0 = Debug|Any CPU
		{45DDD42D-5FB2-43B5-8B48-273D95FE5774}.Release|Any CPU.ActiveCfg = Release|Any CPU
		{45DDD42D-5FB2-43B5-8B48-273D95FE5774}.Release|Any CPU.Build.0 = Release|Any CPU
	EndGlobalSection
	GlobalSection(SolutionProperties) = preSolution
		HideSolutionNode = FALSE
	EndGlobalSection
	GlobalSection(NestedProjects) = preSolution
		{3E9EFF22-65CA-4016-A69F-1CBB2DF84B0F} = {A3156E74-B3A2-40AC-A74B-44F196D0E4E3}
		{45DDD42D-5FB2-43B5-8B48-273D95FE5774} = {A3156E74-B3A2-40AC-A74B-44F196D0E4E3}
	EndGlobalSection
	GlobalSection(ExtensibilityGlobals) = postSolution
		SolutionGuid = {6B4F3E8D-5201-492F-A098-9AFC91028463}
	EndGlobalSection
EndGlobal
